
Microsoft Visual Studio Solution File, Format Version 12.00
# Visual Studio 15
Project("{FAE04EC0-301F-11D3-BF4B-00C04F79EFBC}") = "Assembly-CSharp", "Assembly-CSharp.csproj", "{32DE347F-51D3-D187-00FA-302F6961690A}"
EndProject
Project("{FAE04EC0-301F-11D3-BF4B-00C04F79EFBC}") = "CFXRDemo", "CFXRDemo.csproj", "{E9380989-BB10-F5E0-3F2E-7F3FAC503A37}"
EndProject
Project("{FAE04EC0-301F-11D3-BF4B-00C04F79EFBC}") = "CFXRRuntime", "CFXRRuntime.csproj", "{BD395A72-4540-5DB5-F5DD-190DA53772AC}"
EndProject
Project("{FAE04EC0-301F-11D3-BF4B-00C04F79EFBC}") = "KinoBloom.Runtime", "KinoBloom.Runtime.csproj", "{B5DBA5D3-BE07-C0F4-DBBE-F8848D70D25D}"
EndProject
Project("{FAE04EC0-301F-11D3-BF4B-00C04F79EFBC}") = "CFXREditor", "CFXREditor.csproj", "{00CDE1AC-6D3B-8A03-822F-916CBAA64640}"
EndProject
Project("{FAE04EC0-301F-11D3-BF4B-00C04F79EFBC}") = "CFXR.WelcomeScreen", "CFXR.WelcomeScreen.csproj", "{D5C9897C-C962-0E2A-7991-6C770CB29FE2}"
EndProject
Project("{FAE04EC0-301F-11D3-BF4B-00C04F79EFBC}") = "ToonyColorsPro.Demo.Editor", "ToonyColorsPro.Demo.Editor.csproj", "{D80B3EF4-9399-2045-0D51-63998204AE5F}"
EndProject
Global
	GlobalSection(SolutionConfigurationPlatforms) = preSolution
		Debug|Any CPU = Debug|Any CPU
		Release|Any CPU = Release|Any CPU
	EndGlobalSection
	GlobalSection(ProjectConfigurationPlatforms) = postSolution
		{32DE347F-51D3-D187-00FA-302F6961690A}.Debug|Any CPU.ActiveCfg = Debug|Any CPU
		{32DE347F-51D3-D187-00FA-302F6961690A}.Debug|Any CPU.Build.0 = Debug|Any CPU
		{32DE347F-51D3-D187-00FA-302F6961690A}.Release|Any CPU.ActiveCfg = Release|Any CPU
		{32DE347F-51D3-D187-00FA-302F6961690A}.Release|Any CPU.Build.0 = Release|Any CPU
		{E9380989-BB10-F5E0-3F2E-7F3FAC503A37}.Debug|Any CPU.ActiveCfg = Debug|Any CPU
		{E9380989-BB10-F5E0-3F2E-7F3FAC503A37}.Debug|Any CPU.Build.0 = Debug|Any CPU
		{E9380989-BB10-F5E0-3F2E-7F3FAC503A37}.Release|Any CPU.ActiveCfg = Release|Any CPU
		{E9380989-BB10-F5E0-3F2E-7F3FAC503A37}.Release|Any CPU.Build.0 = Release|Any CPU
		{BD395A72-4540-5DB5-F5DD-190DA53772AC}.Debug|Any CPU.ActiveCfg = Debug|Any CPU
		{BD395A72-4540-5DB5-F5DD-190DA53772AC}.Debug|Any CPU.Build.0 = Debug|Any CPU
		{BD395A72-4540-5DB5-F5DD-190DA53772AC}.Release|Any CPU.ActiveCfg = Release|Any CPU
		{BD395A72-4540-5DB5-F5DD-190DA53772AC}.Release|Any CPU.Build.0 = Release|Any CPU
		{B5DBA5D3-BE07-C0F4-DBBE-F8848D70D25D}.Debug|Any CPU.ActiveCfg = Debug|Any CPU
		{B5DBA5D3-BE07-C0F4-DBBE-F8848D70D25D}.Debug|Any CPU.Build.0 = Debug|Any CPU
		{B5DBA5D3-BE07-C0F4-DBBE-F8848D70D25D}.Release|Any CPU.ActiveCfg = Release|Any CPU
		{B5DBA5D3-BE07-C0F4-DBBE-F8848D70D25D}.Release|Any CPU.Build.0 = Release|Any CPU
		{00CDE1AC-6D3B-8A03-822F-916CBAA64640}.Debug|Any CPU.ActiveCfg = Debug|Any CPU
		{00CDE1AC-6D3B-8A03-822F-916CBAA64640}.Debug|Any CPU.Build.0 = Debug|Any CPU
		{00CDE1AC-6D3B-8A03-822F-916CBAA64640}.Release|Any CPU.ActiveCfg = Release|Any CPU
		{00CDE1AC-6D3B-8A03-822F-916CBAA64640}.Release|Any CPU.Build.0 = Release|Any CPU
		{D5C9897C-C962-0E2A-7991-6C770CB29FE2}.Debug|Any CPU.ActiveCfg = Debug|Any CPU
		{D5C9897C-C962-0E2A-7991-6C770CB29FE2}.Debug|Any CPU.Build.0 = Debug|Any CPU
		{D5C9897C-C962-0E2A-7991-6C770CB29FE2}.Release|Any CPU.ActiveCfg = Release|Any CPU
		{D5C9897C-C962-0E2A-7991-6C770CB29FE2}.Release|Any CPU.Build.0 = Release|Any CPU
		{D80B3EF4-9399-2045-0D51-63998204AE5F}.Debug|Any CPU.ActiveCfg = Debug|Any CPU
		{D80B3EF4-9399-2045-0D51-63998204AE5F}.Debug|Any CPU.Build.0 = Debug|Any CPU
		{D80B3EF4-9399-2045-0D51-63998204AE5F}.Release|Any CPU.ActiveCfg = Release|Any CPU
		{D80B3EF4-9399-2045-0D51-63998204AE5F}.Release|Any CPU.Build.0 = Release|Any CPU
	EndGlobalSection
	GlobalSection(SolutionProperties) = preSolution
		HideSolutionNode = FALSE
	EndGlobalSection
EndGlobal
